// !$*UTF8*$!
{
	archiveVersion = 1;
	classes = {
	};
	objectVersion = 46;
	objects = {

/* Begin PBXBuildFile section */
		6360C878193EB61800E8F095 /* AppDelegate.swift in Sources */ = {isa = PBXBuildFile; fileRef = 6360C877193EB61800E8F095 /* AppDelegate.swift */; };
		6360C87A193EB61800E8F095 /* Images.xcassets in Resources */ = {isa = PBXBuildFile; fileRef = 6360C879193EB61800E8F095 /* Images.xcassets */; };
		6360C886193EB61800E8F095 /* TaskrTests.swift in Sources */ = {isa = PBXBuildFile; fileRef = 6360C885193EB61800E8F095 /* TaskrTests.swift */; };
		6360C890193EB67A00E8F095 /* ViewController.swift in Sources */ = {isa = PBXBuildFile; fileRef = 6360C88F193EB67A00E8F095 /* ViewController.swift */; };
/* End PBXBuildFile section */

/* Begin PBXContainerItemProxy section */
		6360C880193EB61800E8F095 /* PBXContainerItemProxy */ = {
			isa = PBXContainerItemProxy;
			containerPortal = 6360C86A193EB61800E8F095 /* Project object */;
			proxyType = 1;
			remoteGlobalIDString = 6360C871193EB61800E8F095;
			remoteInfo = Taskr;
		};
/* End PBXContainerItemProxy section */

/* Begin PBXFileReference section */
		6360C872193EB61800E8F095 /* Taskr.app */ = {isa = PBXFileReference; explicitFileType = wrapper.application; includeInIndex = 0; path = Taskr.app; sourceTree = BUILT_PRODUCTS_DIR; };
		6360C876193EB61800E8F095 /* Info.plist */ = {isa = PBXFileReference; lastKnownFileType = text.plist.xml; path = Info.plist; sourceTree = "<group>"; };
		6360C877193EB61800E8F095 /* AppDelegate.swift */ = {isa = PBXFileReference; lastKnownFileType = sourcecode.swift; path = AppDelegate.swift; sourceTree = "<group>"; };
		6360C879193EB61800E8F095 /* Images.xcassets */ = {isa = PBXFileReference; lastKnownFileType = folder.assetcatalog; path = Images.xcassets; sourceTree = "<group>"; };
		6360C87F193EB61800E8F095 /* TaskrTests.xctest */ = {isa = PBXFileReference; explicitFileType = wrapper.cfbundle; includeInIndex = 0; path = TaskrTests.xctest; sourceTree = BUILT_PRODUCTS_DIR; };
		6360C884193EB61800E8F095 /* Info.plist */ = {isa = PBXFileReference; lastKnownFileType = text.plist.xml; path = Info.plist; sourceTree = "<group>"; };
		6360C885193EB61800E8F095 /* TaskrTests.swift */ = {isa = PBXFileReference; lastKnownFileType = sourcecode.swift; path = TaskrTests.swift; sourceTree = "<group>"; };
		6360C88F193EB67A00E8F095 /* ViewController.swift */ = {isa = PBXFileReference; fileEncoding = 4; lastKnownFileType = sourcecode.swift; path = ViewController.swift; sourceTree = "<group>"; };
/* End PBXFileReference section */

/* Begin PBXFrameworksBuildPhase section */
		6360C86F193EB61800E8F095 /* Frameworks */ = {
			isa = PBXFrameworksBuildPhase;
			buildActionMask = 2147483647;
			files = (
			);
			runOnlyForDeploymentPostprocessing = 0;
		};
		6360C87C193EB61800E8F095 /* Frameworks */ = {
			isa = PBXFrameworksBuildPhase;
			buildActionMask = 2147483647;
			files = (
			);
			runOnlyForDeploymentPostprocessing = 0;
		};
/* End PBXFrameworksBuildPhase section */

/* Begin PBXGroup section */
		6360C869193EB61800E8F095 = {
			isa = PBXGroup;
			children = (
				6360C874193EB61800E8F095 /* Taskr */,
				6360C882193EB61800E8F095 /* TaskrTests */,
				6360C873193EB61800E8F095 /* Products */,
			);
			sourceTree = "<group>";
		};
		6360C873193EB61800E8F095 /* Products */ = {
			isa = PBXGroup;
			children = (
				6360C872193EB61800E8F095 /* Taskr.app */,
				6360C87F193EB61800E8F095 /* TaskrTests.xctest */,
			);
			name = Products;
			sourceTree = "<group>";
		};
		6360C874193EB61800E8F095 /* Taskr */ = {
			isa = PBXGroup;
			children = (
				6360C877193EB61800E8F095 /* AppDelegate.swift */,
				6360C879193EB61800E8F095 /* Images.xcassets */,
				6360C875193EB61800E8F095 /* Supporting Files */,
				6360C88F193EB67A00E8F095 /* ViewController.swift */,
			);
			path = Taskr;
			sourceTree = "<group>";
		};
		6360C875193EB61800E8F095 /* Supporting Files */ = {
			isa = PBXGroup;
			children = (
				6360C876193EB61800E8F095 /* Info.plist */,
			);
			name = "Supporting Files";
			sourceTree = "<group>";
		};
		6360C882193EB61800E8F095 /* TaskrTests */ = {
			isa = PBXGroup;
			children = (
				6360C885193EB61800E8F095 /* TaskrTests.swift */,
				6360C883193EB61800E8F095 /* Supporting Files */,
			);
			path = TaskrTests;
			sourceTree = "<group>";
		};
		6360C883193EB61800E8F095 /* Supporting Files */ = {
			isa = PBXGroup;
			children = (
				6360C884193EB61800E8F095 /* Info.plist */,
			);
			name = "Supporting Files";
			sourceTree = "<group>";
		};
/* End PBXGroup section */

/* Begin PBXNativeTarget section */
		6360C871193EB61800E8F095 /* Taskr */ = {
			isa = PBXNativeTarget;
			buildConfigurationList = 6360C889193EB61800E8F095 /* Build configuration list for PBXNativeTarget "Taskr" */;
			buildPhases = (
				6360C86E193EB61800E8F095 /* Sources */,
				6360C86F193EB61800E8F095 /* Frameworks */,
				6360C870193EB61800E8F095 /* Resources */,
			);
			buildRules = (
			);
			dependencies = (
			);
			name = Taskr;
			productName = Taskr;
			productReference = 6360C872193EB61800E8F095 /* Taskr.app */;
			productType = "com.apple.product-type.application";
		};
		6360C87E193EB61800E8F095 /* TaskrTests */ = {
			isa = PBXNativeTarget;
			buildConfigurationList = 6360C88C193EB61800E8F095 /* Build configuration list for PBXNativeTarget "TaskrTests" */;
			buildPhases = (
				6360C87B193EB61800E8F095 /* Sources */,
				6360C87C193EB61800E8F095 /* Frameworks */,
				6360C87D193EB61800E8F095 /* Resources */,
			);
			buildRules = (
			);
			dependencies = (
				6360C881193EB61800E8F095 /* PBXTargetDependency */,
			);
			name = TaskrTests;
			productName = TaskrTests;
			productReference = 6360C87F193EB61800E8F095 /* TaskrTests.xctest */;
			productType = "com.apple.product-type.bundle.unit-test";
		};
/* End PBXNativeTarget section */

/* Begin PBXProject section */
		6360C86A193EB61800E8F095 /* Project object */ = {
			isa = PBXProject;
			attributes = {
				LastUpgradeCheck = 0600;
				ORGANIZATIONNAME = "Creative Drift Media";
				TargetAttributes = {
					6360C871193EB61800E8F095 = {
						CreatedOnToolsVersion = 6.0;
					};
					6360C87E193EB61800E8F095 = {
						CreatedOnToolsVersion = 6.0;
						TestTargetID = 6360C871193EB61800E8F095;
					};
				};
			};
			buildConfigurationList = 6360C86D193EB61800E8F095 /* Build configuration list for PBXProject "Taskr" */;
			compatibilityVersion = "Xcode 3.2";
			developmentRegion = English;
			hasScannedForEncodings = 0;
			knownRegions = (
				en,
			);
			mainGroup = 6360C869193EB61800E8F095;
			productRefGroup = 6360C873193EB61800E8F095 /* Products */;
			projectDirPath = "";
			projectRoot = "";
			targets = (
				6360C871193EB61800E8F095 /* Taskr */,
				6360C87E193EB61800E8F095 /* TaskrTests */,
			);
		};
/* End PBXProject section */

/* Begin PBXResourcesBuildPhase section */
		6360C870193EB61800E8F095 /* Resources */ = {
			isa = PBXResourcesBuildPhase;
			buildActionMask = 2147483647;
			files = (
				6360C87A193EB61800E8F095 /* Images.xcassets in Resources */,
			);
			runOnlyForDeploymentPostprocessing = 0;
		};
		6360C87D193EB61800E8F095 /* Resources */ = {
			isa = PBXResourcesBuildPhase;
			buildActionMask = 2147483647;
			files = (
			);
			runOnlyForDeploymentPostprocessing = 0;
		};
/* End PBXResourcesBuildPhase section */

/* Begin PBXSourcesBuildPhase section */
		6360C86E193EB61800E8F095 /* Sources */ = {
			isa = PBXSourcesBuildPhase;
			buildActionMask = 2147483647;
			files = (
				6360C890193EB67A00E8F095 /* ViewController.swift in Sources */,
				6360C878193EB61800E8F095 /* AppDelegate.swift in Sources */,
			);
			runOnlyForDeploymentPostprocessing = 0;
		};
		6360C87B193EB61800E8F095 /* Sources */ = {
			isa = PBXSourcesBuildPhase;
			buildActionMask = 2147483647;
			files = (
				6360C886193EB61800E8F095 /* TaskrTests.swift in Sources */,
			);
			runOnlyForDeploymentPostprocessing = 0;
		};
/* End PBXSourcesBuildPhase section */

/* Begin PBXTargetDependency section */
		6360C881193EB61800E8F095 /* PBXTargetDependency */ = {
			isa = PBXTargetDependency;
			target = 6360C871193EB61800E8F095 /* Taskr */;
			targetProxy = 6360C880193EB61800E8F095 /* PBXContainerItemProxy */;
		};
/* End PBXTargetDependency section */

/* Begin XCBuildConfiguration section */
		6360C887193EB61800E8F095 /* Debug */ = {
			isa = XCBuildConfiguration;
			buildSettings = {
				ALWAYS_SEARCH_USER_PATHS = NO;
				CLANG_CXX_LANGUAGE_STANDARD = "gnu++0x";
				CLANG_CXX_LIBRARY = "libc++";
				CLANG_ENABLE_MODULES = YES;
				CLANG_ENABLE_OBJC_ARC = YES;
				CLANG_WARN_BOOL_CONVERSION = YES;
				CLANG_WARN_CONSTANT_CONVERSION = YES;
				CLANG_WARN_DIRECT_OBJC_ISA_USAGE = YES_ERROR;
				CLANG_WARN_EMPTY_BODY = YES;
				CLANG_WARN_ENUM_CONVERSION = YES;
				CLANG_WARN_INT_CONVERSION = YES;
				CLANG_WARN_OBJC_ROOT_CLASS = YES_ERROR;
				CLANG_WARN_UNREACHABLE_CODE = YES;
				CLANG_WARN__DUPLICATE_METHOD_MATCH = YES;
				"CODE_SIGN_IDENTITY[sdk=iphoneos*]" = "iPhone Developer";
				COPY_PHASE_STRIP = NO;
				ENABLE_STRICT_OBJC_MSGSEND = YES;
				GCC_C_LANGUAGE_STANDARD = gnu99;
				GCC_DYNAMIC_NO_PIC = NO;
				GCC_OPTIMIZATION_LEVEL = 0;
				GCC_PREPROCESSOR_DEFINITIONS = (
					"DEBUG=1",
					"$(inherited)",
				);
				GCC_SYMBOLS_PRIVATE_EXTERN = NO;
				GCC_WARN_64_TO_32_BIT_CONVERSION = YES;
				GCC_WARN_ABOUT_RETURN_TYPE = YES_ERROR;
				GCC_WARN_UNDECLARED_SELECTOR = YES;
				GCC_WARN_UNINITIALIZED_AUTOS = YES_AGGRESSIVE;
				GCC_WARN_UNUSED_FUNCTION = YES;
				GCC_WARN_UNUSED_VARIABLE = YES;
				IPHONEOS_DEPLOYMENT_TARGET = 8.0;
				METAL_ENABLE_DEBUG_INFO = YES;
				ONLY_ACTIVE_ARCH = YES;
				SDKROOT = iphoneos;
				SWIFT_OPTIMIZATION_LEVEL = "-Onone";
			};
			name = Debug;
		};
		6360C888193EB61800E8F095 /* Release */ = {
			isa = XCBuildConfiguration;
			buildSettings = {
				ALWAYS_SEARCH_USER_PATHS = NO;
				CLANG_CXX_LANGUAGE_STANDARD = "gnu++0x";
				CLANG_CXX_LIBRARY = "libc++";
				CLANG_ENABLE_MODULES = YES;
				CLANG_ENABLE_OBJC_ARC = YES;
				CLANG_WARN_BOOL_CONVERSION = YES;
				CLANG_WARN_CONSTANT_CONVERSION = YES;
				CLANG_WARN_DIRECT_OBJC_ISA_USAGE = YES_ERROR;
				CLANG_WARN_EMPTY_BODY = YES;
				CLANG_WARN_ENUM_CONVERSION = YES;
				CLANG_WARN_INT_CONVERSION = YES;
				CLANG_WARN_OBJC_ROOT_CLASS = YES_ERROR;
				CLANG_WARN_UNREACHABLE_CODE = YES;
				CLANG_WARN__DUPLICATE_METHOD_MATCH = YES;
				"CODE_SIGN_IDENTITY[sdk=iphoneos*]" = "iPhone Developer";
				COPY_PHASE_STRIP = YES;
				ENABLE_NS_ASSERTIONS = NO;
				ENABLE_STRICT_OBJC_MSGSEND = YES;
				GCC_C_LANGUAGE_STANDARD = gnu99;
				GCC_WARN_64_TO_32_BIT_CONVERSION = YES;
				GCC_WARN_ABOUT_RETURN_TYPE = YES_ERROR;
				GCC_WARN_UNDECLARED_SELECTOR = YES;
				GCC_WARN_UNINITIALIZED_AUTOS = YES_AGGRESSIVE;
				GCC_WARN_UNUSED_FUNCTION = YES;
				GCC_WARN_UNUSED_VARIABLE = YES;
				IPHONEOS_DEPLOYMENT_TARGET = 8.0;
				METAL_ENABLE_DEBUG_INFO = NO;
				SDKROOT = iphoneos;
				VALIDATE_PRODUCT = YES;
			};
			name = Release;
		};
		6360C88A193EB61800E8F095 /* Debug */ = {
			isa = XCBuildConfiguration;
			buildSettings = {
				ASSETCATALOG_COMPILER_APPICON_NAME = AppIcon;
				ASSETCATALOG_COMPILER_LAUNCHIMAGE_NAME = LaunchImage;
				INFOPLIST_FILE = Taskr/Info.plist;
				LD_RUNPATH_SEARCH_PATHS = "$(inherited) @executable_path/Frameworks";
				PRODUCT_NAME = "$(TARGET_NAME)";
			};
			name = Debug;
		};
		6360C88B193EB61800E8F095 /* Release */ = {
			isa = XCBuildConfiguration;
			buildSettings = {
				ASSETCATALOG_COMPILER_APPICON_NAME = AppIcon;
				ASSETCATALOG_COMPILER_LAUNCHIMAGE_NAME = LaunchImage;
				INFOPLIST_FILE = Taskr/Info.plist;
				LD_RUNPATH_SEARCH_PATHS = "$(inherited) @executable_path/Frameworks";
				PRODUCT_NAME = "$(TARGET_NAME)";
			};
			name = Release;
		};
		6360C88D193EB61800E8F095 /* Debug */ = {
			isa = XCBuildConfiguration;
			buildSettings = {
				BUNDLE_LOADER = "$(BUILT_PRODUCTS_DIR)/Taskr.app/Taskr";
				FRAMEWORK_SEARCH_PATHS = (
					"$(SDKROOT)/Developer/Library/Frameworks",
					"$(inherited)",
				);
				GCC_PREPROCESSOR_DEFINITIONS = (
					"DEBUG=1",
					"$(inherited)",
				);
				INFOPLIST_FILE = TaskrTests/Info.plist;
				LD_RUNPATH_SEARCH_PATHS = "$(inherited) @executable_path/Frameworks @loader_path/Frameworks";
				METAL_ENABLE_DEBUG_INFO = YES;
				PRODUCT_NAME = "$(TARGET_NAME)";
				TEST_HOST = "$(BUNDLE_LOADER)";
			};
			name = Debug;
		};
		6360C88E193EB61800E8F095 /* Release */ = {
			isa = XCBuildConfiguration;
			buildSettings = {
				BUNDLE_LOADER = "$(BUILT_PRODUCTS_DIR)/Taskr.app/Taskr";
				FRAMEWORK_SEARCH_PATHS = (
					"$(SDKROOT)/Developer/Library/Frameworks",
					"$(inherited)",
				);
				INFOPLIST_FILE = TaskrTests/Info.plist;
				LD_RUNPATH_SEARCH_PATHS = "$(inherited) @executable_path/Frameworks @loader_path/Frameworks";
				METAL_ENABLE_DEBUG_INFO = NO;
				PRODUCT_NAME = "$(TARGET_NAME)";
				TEST_HOST = "$(BUNDLE_LOADER)";
			};
			name = Release;
		};
/* End XCBuildConfiguration section */

/* Begin XCConfigurationList section */
		6360C86D193EB61800E8F095 /* Build configuration list for PBXProject "Taskr" */ = {
			isa = XCConfigurationList;
			buildConfigurations = (
				6360C887193EB61800E8F095 /* Debug */,
				6360C888193EB61800E8F095 /* Release */,
			);
			defaultConfigurationIsVisible = 0;
			defaultConfigurationName = Release;
		};
		6360C889193EB61800E8F095 /* Build configuration list for PBXNativeTarget "Taskr" */ = {
			isa = XCConfigurationList;
			buildConfigurations = (
				6360C88A193EB61800E8F095 /* Debug */,
				6360C88B193EB61800E8F095 /* Release */,
			);
			defaultConfigurationIsVisible = 0;
		};
		6360C88C193EB61800E8F095 /* Build configuration list for PBXNativeTarget "TaskrTests" */ = {
			isa = XCConfigurationList;
			buildConfigurations = (
				6360C88D193EB61800E8F095 /* Debug */,
				6360C88E193EB61800E8F095 /* Release */,
			);
			defaultConfigurationIsVisible = 0;
		};
/* End XCConfigurationList section */
	};
	rootObject = 6360C86A193EB61800E8F095 /* Project object */;
}
